# THIS IS AN AUTOGENERATED FILE. DO NOT EDIT THIS FILE DIRECTLY.
# yarn lockfile v1


"@taplo/core@^0.2.0":
  version "0.2.0"
  resolved "https://registry.yarnpkg.com/@taplo/core/-/core-0.2.0.tgz#a256aef743307c853de08e2199e295fa3266122f"
  integrity sha512-r8bl54Zj1In3QLkiW/ex694bVzpPJ9EhwqT9xkcUVODnVUGirdB1JTsmiIv0o1uwqZiwhi8xNnTOQBRQCpizrQ==

"@taplo/lib@^0.5.0":
  version "0.5.0"
  resolved "https://registry.yarnpkg.com/@taplo/lib/-/lib-0.5.0.tgz#0d98cf5c1fa676148fcb29846a84aaba76535e8a"
  integrity sha512-+xIqpQXJco3T+VGaTTwmhxLa51qpkQxCjRwezjFZgr+l21ExlywJFcDfTrNmL6lG6tqb0h8GyJKO3UPGPtSCWg==
  dependencies:
    "@taplo/core" "^0.2.0"

prettier-plugin-toml@2.0.6:
  version "2.0.6"
  resolved "https://registry.yarnpkg.com/prettier-plugin-toml/-/prettier-plugin-toml-2.0.6.tgz#d581512a585143975efebf89303272a359c3124a"
  integrity sha512-12N/wBuHa9jd/KVy9pRP20NMKxQfQLMseQCt66lIbLaPLItvGUcSIryE1eZZMJ7loSws6Ig3M2Elc2EreNh76w==
  dependencies:
    "@taplo/lib" "^0.5.0"

prettier@3.8.4:
  version "3.8.4"
  resolved "https://registry.yarnpkg.com/prettier/-/prettier-3.8.4.tgz#f334f013ac04a96676f24dabc23c1c4ae1bae411"
  integrity sha512-N2MylSdi48+5N/6S5j+maeHbUSIzzZ5uOcX5Hm4QpV8Dkb1HFjfAKTKX6yNPJQD9AhcT3ifHNB66tWTTJDi11Q==
