# THIS IS AN AUTOGENERATED FILE. DO NOT EDIT THIS FILE DIRECTLY.
# yarn lockfile v1


"@taplo/core@^0.2.0":
  version "0.2.0"
  resolved "https://registry.yarnpkg.com/@taplo/core/-/core-0.2.0.tgz#a256aef743307c853de08e2199e295fa3266122f"
  integrity sha512-r8bl54Zj1In3QLkiW/ex694bVzpPJ9EhwqT9xkcUVODnVUGirdB1JTsmiIv0o1uwqZiwhi8xNnTOQBRQCpizrQ==

"@taplo/lib@^0.5.0":
  version "0.5.0"
  resolved "https://registry.yarnpkg.com/@taplo/lib/-/lib-0.5.0.tgz#0d98cf5c1fa676148fcb29846a84aaba76535e8a"
  integrity sha512-+xIqpQXJco3T+VGaTTwmhxLa51qpkQxCjRwezjFZgr+l21ExlywJFcDfTrNmL6lG6tqb0h8GyJKO3UPGPtSCWg==
  dependencies:
    "@taplo/core" "^0.2.0"

prettier-plugin-powershell@^2.1.12:
  version "2.1.12"
  resolved "https://registry.yarnpkg.com/prettier-plugin-powershell/-/prettier-plugin-powershell-2.1.12.tgz#accdf99635df46952186805af1a85d60116723c4"
  integrity sha512-tcN2Vm/TP3ZRePQuXOW12AQXTuR/Dj9JU5c1l4C4BtBhDUDiZ+F6i0bjscHheTD1gr4UbA48AGee+QubHLCxcw==
  dependencies:
    ts-extras "^1.3.0"

prettier-plugin-toml@2.0.6:
  version "2.0.6"
  resolved "https://registry.yarnpkg.com/prettier-plugin-toml/-/prettier-plugin-toml-2.0.6.tgz#d581512a585143975efebf89303272a359c3124a"
  integrity sha512-12N/wBuHa9jd/KVy9pRP20NMKxQfQLMseQCt66lIbLaPLItvGUcSIryE1eZZMJ7loSws6Ig3M2Elc2EreNh76w==
  dependencies:
    "@taplo/lib" "^0.5.0"

prettier@3.9.6:
  version "3.9.6"
  resolved "https://registry.yarnpkg.com/prettier/-/prettier-3.9.6.tgz#b3ea5146515d40fc53f18aa63f74dfab1e10dbf6"
  integrity sha512-OpN0zzVdiaiAhxpuuj5efpIS4sY9j7bY6uR5mnj5yPzGkdkjNKSJeUThPb60Jw29QuAZgA4o+/iB49kFiaBX6g==

tagged-tag@^1.0.0:
  version "1.0.0"
  resolved "https://registry.yarnpkg.com/tagged-tag/-/tagged-tag-1.0.0.tgz#a0b5917c2864cba54841495abfa3f6b13edcf4d6"
  integrity sha512-yEFYrVhod+hdNyx7g5Bnkkb0G6si8HJurOoOEgC8B/O0uXLHlaey/65KRv6cuWBNhBgHKAROVpc7QyYqE5gFng==

ts-extras@^1.3.0:
  version "1.3.0"
  resolved "https://registry.yarnpkg.com/ts-extras/-/ts-extras-1.3.0.tgz#deacfdb1d51ba03dcdee32a39fe19fcb46680216"
  integrity sha512-2o31AwfP5q7Sa0RN/KaSNBFkw0jRnWsqUY4W4SwBWrxbge9J6t9YBvJIRX2ZyVhpGj4zE5UYwNzTTBnIHeaDew==
  dependencies:
    type-fest "^5.0.1"

type-fest@^5.0.1:
  version "5.9.0"
  resolved "https://registry.yarnpkg.com/type-fest/-/type-fest-5.9.0.tgz#0a4dd554d397f1a44447477eaeb3d1f4d8c7680f"
  integrity sha512-yANm3Jr3GiJ1qgJlxGAVxTOIcEOk1rhQHamlXtnrCK7EHP4HeM9OGxtMg/W7HFdrVzw/ZWJKGVIJusVH85sLtw==
  dependencies:
    tagged-tag "^1.0.0"
